
Microsoft Visual Studio Solution File, Format Version 12.00
# Visual Studio 15
VisualStudioVersion = 15.0.28307.271
MinimumVisualStudioVersion = 10.0.40219.1
Project("{FAE04EC0-301F-11D3-BF4B-00C04F79EFBC}") = "TmerGC", "TmerGC\TmerGC.csproj", "{BE928B9F-D47F-42C1-8964-8DAF25E10198}"
EndProject
Global
	GlobalSection(SolutionConfigurationPlatforms) = preSolution
		Debug|Any CPU = Debug|Any CPU
		Release|Any CPU = Release|Any CPU
	EndGlobalSection
	GlobalSection(ProjectConfigurationPlatforms) = postSolution
		{BE928B9F-D47F-42C1-8964-8DAF25E10198}.Debug|Any CPU.ActiveCfg = Debug|Any CPU
		{BE928B9F-D47F-42C1-8964-8DAF25E10198}.Debug|Any CPU.Build.0 = Debug|Any CPU
		{BE928B9F-D47F-42C1-8964-8DAF25E10198}.Release|Any CPU.ActiveCfg = Release|Any CPU
		{BE928B9F-D47F-42C1-8964-8DAF25E10198}.Release|Any CPU.Build.0 = Release|Any CPU
	EndGlobalSection
	GlobalSection(SolutionProperties) = preSolution
		HideSolutionNode = FALSE
	EndGlobalSection
	GlobalSection(ExtensibilityGlobals) = postSolution
		SolutionGuid = {46C32D0C-9368-4E0D-BA8B-3408707F5F82}
	EndGlobalSection
EndGlobal
